
Microsoft Visual Studio Solution File, Format Version 12.00
# Visual Studio Version 17
VisualStudioVersion = 17.14.36429.23 d17.14
MinimumVisualStudioVersion = 10.0.40219.1
Project("{2150E333-8FDC-42A3-9474-1A3956D46DE8}") = "Task0", "Task0", "{02EA681E-C7D8-13C7-8484-4AC65E1B71E8}"
EndProject
Project("{2150E333-8FDC-42A3-9474-1A3956D46DE8}") = "Task1", "Task1", "{BA0B63CC-D17B-4176-9806-53C7F9AAFF19}"
EndProject
Project("{2150E333-8FDC-42A3-9474-1A3956D46DE8}") = "Task2", "Task2", "{E6534D2A-B06D-4F59-A722-1A7AE19CCA35}"
EndProject
Project("{2150E333-8FDC-42A3-9474-1A3956D46DE8}") = "Task3", "Task3", "{CBAF4448-676C-4AD2-A9E2-D9A4EDD078B6}"
EndProject
Project("{2150E333-8FDC-42A3-9474-1A3956D46DE8}") = "Task4", "Task4", "{70CD0EDE-3CEB-43C9-987F-5E69786DBECB}"
EndProject
Project("{2150E333-8FDC-42A3-9474-1A3956D46DE8}") = "Task5", "Task5", "{9AF985DB-15A1-4AAA-A7AA-3305B02F10D8}"
EndProject
Project("{2150E333-8FDC-42A3-9474-1A3956D46DE8}") = "Task6", "Task6", "{F2F3E652-91D6-4B66-99E7-3BA0B9823E9E}"
EndProject
Project("{2150E333-8FDC-42A3-9474-1A3956D46DE8}") = "Task7", "Task7", "{A5DD0F72-72AA-4DBB-AA94-D6E8DE6F6DA1}"
EndProject
Project("{FAE04EC0-301F-11D3-BF4B-00C04F79EFBC}") = "Tyuiu.TenkeumiaffoSL.Sprint6.Task0.V16", "Tyuiu.TenkeumiaffoSL.Sprint6.Task0.V16\Tyuiu.TenkeumiaffoSL.Sprint6.Task0.V16.csproj", "{F2930746-2969-4EA3-8919-4A9226C34BC2}"
EndProject
Project("{FAE04EC0-301F-11D3-BF4B-00C04F79EFBC}") = "Tyuiu.TenkeumiaffoSL.Sprint6.Task0.V16.Lib", "Tyuiu.TenkeumiaffoSL.Sprint6.Task0.V16.Lib\Tyuiu.TenkeumiaffoSL.Sprint6.Task0.V16.Lib.csproj", "{7ABA6CDC-E735-4B8A-9350-C3B69C500C93}"
EndProject
Project("{FAE04EC0-301F-11D3-BF4B-00C04F79EFBC}") = "Tyuiu.TenkeumiaffoSL.Sprint6.Task0.V16.Test", "Tyuiu.TenkeumiaffoSL.Sprint6.Task0.V16.Test\Tyuiu.TenkeumiaffoSL.Sprint6.Task0.V16.Test.csproj", "{24B52AA0-1BAB-4EF7-9FAE-DD4C03605FD0}"
EndProject
Project("{FAE04EC0-301F-11D3-BF4B-00C04F79EFBC}") = "Tyuiu.TenkeumiaffoSL.Sprint6.Task1.V11", "Tyuiu.TenkeumiaffoSL.Sprint6.Task1.V11\Tyuiu.TenkeumiaffoSL.Sprint6.Task1.V11.csproj", "{67A176F7-36B4-40D3-98FF-879D8664A1EE}"
EndProject
Project("{FAE04EC0-301F-11D3-BF4B-00C04F79EFBC}") = "Tyuiu.TenkeumiaffoSL.Sprint6.Task1.V11.Lib", "Tyuiu.TenkeumiaffoSL.Sprint6.Task1.V11.Lib\Tyuiu.TenkeumiaffoSL.Sprint6.Task1.V11.Lib.csproj", "{85E12F1D-CD61-4623-89D1-DB7C0D52ADE9}"
EndProject
Project("{FAE04EC0-301F-11D3-BF4B-00C04F79EFBC}") = "Tyuiu.TenkeumiaffoSL.Sprint6.Task1.V11.Test", "Tyuiu.TenkeumiaffoSL.Sprint6.Task1.V11.Test\Tyuiu.TenkeumiaffoSL.Sprint6.Task1.V11.Test.csproj", "{DDB23952-A2AF-459D-B32E-9327FDCE3AA5}"
EndProject
Project("{FAE04EC0-301F-11D3-BF4B-00C04F79EFBC}") = "Tyuiu.TenkeumiaffoSL.Sprint6.Task2.V18", "Tyuiu.TenkeumiaffoSL.Sprint6.Task2.V18\Tyuiu.TenkeumiaffoSL.Sprint6.Task2.V18.csproj", "{0BDABB99-543C-4411-B7C6-BD69592A5AEE}"
EndProject
Project("{FAE04EC0-301F-11D3-BF4B-00C04F79EFBC}") = "Tyuiu.TenkeumiaffoSL.Sprint6.Task2.V18.Lib", "Tyuiu.TenkeumiaffoSL.Sprint6.Task2.V18.Lib\Tyuiu.TenkeumiaffoSL.Sprint6.Task2.V18.Lib.csproj", "{93D0EDEF-D813-4AB5-8F3E-1AFD4E3A8BA2}"
EndProject
Project("{FAE04EC0-301F-11D3-BF4B-00C04F79EFBC}") = "Tyuiu.TenkeumiaffoSL.Sprint6.Task2.V18.Test", "Tyuiu.TenkeumiaffoSL.Sprint6.Task2.V18.Test\Tyuiu.TenkeumiaffoSL.Sprint6.Task2.V18.Test.csproj", "{F9C09F94-52FF-4304-B4A0-A2E05C6311EA}"
EndProject
Project("{FAE04EC0-301F-11D3-BF4B-00C04F79EFBC}") = "Tyuiu.TenkeumiaffoSL.Sprint6.Task3.V16", "Tyuiu.TenkeumiaffoSL.Sprint6.Task3.V16\Tyuiu.TenkeumiaffoSL.Sprint6.Task3.V16.csproj", "{6049E2D0-8699-4F36-9743-50A3E647FFD3}"
EndProject
Project("{FAE04EC0-301F-11D3-BF4B-00C04F79EFBC}") = "Tyuiu.TenkeumiaffoSL.Sprint6.Task3.V16.Lib", "Tyuiu.TenkeumiaffoSL.Sprint6.Task3.V16.Lib\Tyuiu.TenkeumiaffoSL.Sprint6.Task3.V16.Lib.csproj", "{B330F928-EC33-400B-81C3-7A78085F848B}"
EndProject
Project("{FAE04EC0-301F-11D3-BF4B-00C04F79EFBC}") = "Tyuiu.TenkeumiaffoSL.Sprint6.Task3.V16.Test", "Tyuiu.TenkeumiaffoSL.Sprint6.Task3.V16.Test\Tyuiu.TenkeumiaffoSL.Sprint6.Task3.V16.Test.csproj", "{5F073AB0-1912-4EFA-9DB1-B760C044BDD2}"
EndProject
Project("{FAE04EC0-301F-11D3-BF4B-00C04F79EFBC}") = "Tyuiu.TenkeumiaffoSL.Sprint6.Task4.V22", "Tyuiu.TenkeumiaffoSL.Sprint6.Task4.V22\Tyuiu.TenkeumiaffoSL.Sprint6.Task4.V22.csproj", "{D9F9C39A-83FE-47C6-968B-49378345585B}"
EndProject
Project("{FAE04EC0-301F-11D3-BF4B-00C04F79EFBC}") = "Tyuiu.TenkeumiaffoSL.Sprint6.Task4.V22.Lib", "Tyuiu.TenkeumiaffoSL.Sprint6.Task4.V22.Lib\Tyuiu.TenkeumiaffoSL.Sprint6.Task4.V22.Lib.csproj", "{FBDEEA42-6C3B-411A-98A2-7361C6353B95}"
EndProject
Project("{FAE04EC0-301F-11D3-BF4B-00C04F79EFBC}") = "Tyuiu.TenkeumiaffoSL.Sprint6.Task4.V22.Test", "Tyuiu.TenkeumiaffoSL.Sprint6.Task4.V22.Test\Tyuiu.TenkeumiaffoSL.Sprint6.Task4.V22.Test.csproj", "{156A90D5-863F-4339-B983-F8C4D4262E29}"
EndProject
Project("{FAE04EC0-301F-11D3-BF4B-00C04F79EFBC}") = "Tyuiu.TenkeumiaffoSL.Sprint6.Task5.V4", "Tyuiu.TenkeumiaffoSL.Sprint6.Task5.V4\Tyuiu.TenkeumiaffoSL.Sprint6.Task5.V4.csproj", "{50F1CF07-4AF8-4487-8B3A-23ADE44EB4D0}"
EndProject
Project("{FAE04EC0-301F-11D3-BF4B-00C04F79EFBC}") = "Tyuiu.TenkeumiaffoSL.Sprint6.Task5.V4.Lib", "Tyuiu.TenkeumiaffoSL.Sprint6.Task5.V4.Lib\Tyuiu.TenkeumiaffoSL.Sprint6.Task5.V4.Lib.csproj", "{39924AAF-82E6-4A4C-98D0-1951D5C5AD1D}"
EndProject
Project("{FAE04EC0-301F-11D3-BF4B-00C04F79EFBC}") = "Tyuiu.TenkeumiaffoSL.Sprint6.Task5.V4.Test", "Tyuiu.TenkeumiaffoSL.Sprint6.Task5.V4.Test\Tyuiu.TenkeumiaffoSL.Sprint6.Task5.V4.Test.csproj", "{DDAB731B-6ADD-4ED9-AB82-060435B6ED8C}"
EndProject
Project("{FAE04EC0-301F-11D3-BF4B-00C04F79EFBC}") = "Tyuiu.TenkeumiaffoSL.Sprint6.Task6.V11", "Tyuiu.TenkeumiaffoSL.Sprint6.Task6.V11\Tyuiu.TenkeumiaffoSL.Sprint6.Task6.V11.csproj", "{D6A178A5-7A0D-42F2-BA06-1F2F479A9178}"
EndProject
Project("{FAE04EC0-301F-11D3-BF4B-00C04F79EFBC}") = "Tyuiu.TenkeumiaffoSL.Sprint6.Task6.V11.Lib", "Tyuiu.TenkeumiaffoSL.Sprint6.Task6.V11.Lib\Tyuiu.TenkeumiaffoSL.Sprint6.Task6.V11.Lib.csproj", "{C4C858D2-8DC3-49FC-B7E9-8DC940A608B0}"
EndProject
Project("{FAE04EC0-301F-11D3-BF4B-00C04F79EFBC}") = "Tyuiu.TenkeumiaffoSL.Sprint6.Task6.V11.Test", "Tyuiu.TenkeumiaffoSL.Sprint6.Task6.V11.Test\Tyuiu.TenkeumiaffoSL.Sprint6.Task6.V11.Test.csproj", "{CD1A14BC-1EE2-4C7E-AC69-5C33D59CE0D8}"
EndProject
Project("{FAE04EC0-301F-11D3-BF4B-00C04F79EFBC}") = "Tyuiu.TenkeumiaffoSL.Sprint6.Task7.V21", "Tyuiu.TenkeumiaffoSL.Sprint6.Task7.V21\Tyuiu.TenkeumiaffoSL.Sprint6.Task7.V21.csproj", "{014666F3-95EE-42F9-99BF-14292160783C}"
EndProject
Project("{FAE04EC0-301F-11D3-BF4B-00C04F79EFBC}") = "Tyuiu.TenkeumiaffoSL.Sprint6.Task7.V21.Lib", "Tyuiu.TenkeumiaffoSL.Sprint6.Task7.V21.Lib\Tyuiu.TenkeumiaffoSL.Sprint6.Task7.V21.Lib.csproj", "{5B807FE8-9A97-4043-8883-00D98D0C12F1}"
EndProject
Project("{FAE04EC0-301F-11D3-BF4B-00C04F79EFBC}") = "Tyuiu.TenkeumiaffoSL.Sprint6.Task7.V21.Test", "Tyuiu.TenkeumiaffoSL.Sprint6.Task7.V21.Test\Tyuiu.TenkeumiaffoSL.Sprint6.Task7.V21.Test.csproj", "{2B47AE96-028C-4098-A70F-F539903F26C2}"
EndProject
Global
	GlobalSection(SolutionConfigurationPlatforms) = preSolution
		Debug|Any CPU = Debug|Any CPU
		Release|Any CPU = Release|Any CPU
	EndGlobalSection
	GlobalSection(ProjectConfigurationPlatforms) = postSolution
		{F2930746-2969-4EA3-8919-4A9226C34BC2}.Debug|Any CPU.ActiveCfg = Debug|Any CPU
		{F2930746-2969-4EA3-8919-4A9226C34BC2}.Debug|Any CPU.Build.0 = Debug|Any CPU
		{F2930746-2969-4EA3-8919-4A9226C34BC2}.Release|Any CPU.ActiveCfg = Release|Any CPU
		{F2930746-2969-4EA3-8919-4A9226C34BC2}.Release|Any CPU.Build.0 = Release|Any CPU
		{7ABA6CDC-E735-4B8A-9350-C3B69C500C93}.Debug|Any CPU.ActiveCfg = Debug|Any CPU
		{7ABA6CDC-E735-4B8A-9350-C3B69C500C93}.Debug|Any CPU.Build.0 = Debug|Any CPU
		{7ABA6CDC-E735-4B8A-9350-C3B69C500C93}.Release|Any CPU.ActiveCfg = Release|Any CPU
		{7ABA6CDC-E735-4B8A-9350-C3B69C500C93}.Release|Any CPU.Build.0 = Release|Any CPU
		{24B52AA0-1BAB-4EF7-9FAE-DD4C03605FD0}.Debug|Any CPU.ActiveCfg = Debug|Any CPU
		{24B52AA0-1BAB-4EF7-9FAE-DD4C03605FD0}.Debug|Any CPU.Build.0 = Debug|Any CPU
		{24B52AA0-1BAB-4EF7-9FAE-DD4C03605FD0}.Release|Any CPU.ActiveCfg = Release|Any CPU
		{24B52AA0-1BAB-4EF7-9FAE-DD4C03605FD0}.Release|Any CPU.Build.0 = Release|Any CPU
		{67A176F7-36B4-40D3-98FF-879D8664A1EE}.Debug|Any CPU.ActiveCfg = Debug|Any CPU
		{67A176F7-36B4-40D3-98FF-879D8664A1EE}.Debug|Any CPU.Build.0 = Debug|Any CPU
		{67A176F7-36B4-40D3-98FF-879D8664A1EE}.Release|Any CPU.ActiveCfg = Release|Any CPU
		{67A176F7-36B4-40D3-98FF-879D8664A1EE}.Release|Any CPU.Build.0 = Release|Any CPU
		{85E12F1D-CD61-4623-89D1-DB7C0D52ADE9}.Debug|Any CPU.ActiveCfg = Debug|Any CPU
		{85E12F1D-CD61-4623-89D1-DB7C0D52ADE9}.Debug|Any CPU.Build.0 = Debug|Any CPU
		{85E12F1D-CD61-4623-89D1-DB7C0D52ADE9}.Release|Any CPU.ActiveCfg = Release|Any CPU
		{85E12F1D-CD61-4623-89D1-DB7C0D52ADE9}.Release|Any CPU.Build.0 = Release|Any CPU
		{DDB23952-A2AF-459D-B32E-9327FDCE3AA5}.Debug|Any CPU.ActiveCfg = Debug|Any CPU
		{DDB23952-A2AF-459D-B32E-9327FDCE3AA5}.Debug|Any CPU.Build.0 = Debug|Any CPU
		{DDB23952-A2AF-459D-B32E-9327FDCE3AA5}.Release|Any CPU.ActiveCfg = Release|Any CPU
		{DDB23952-A2AF-459D-B32E-9327FDCE3AA5}.Release|Any CPU.Build.0 = Release|Any CPU
		{0BDABB99-543C-4411-B7C6-BD69592A5AEE}.Debug|Any CPU.ActiveCfg = Debug|Any CPU
		{0BDABB99-543C-4411-B7C6-BD69592A5AEE}.Debug|Any CPU.Build.0 = Debug|Any CPU
		{0BDABB99-543C-4411-B7C6-BD69592A5AEE}.Release|Any CPU.ActiveCfg = Release|Any CPU
		{0BDABB99-543C-4411-B7C6-BD69592A5AEE}.Release|Any CPU.Build.0 = Release|Any CPU
		{93D0EDEF-D813-4AB5-8F3E-1AFD4E3A8BA2}.Debug|Any CPU.ActiveCfg = Debug|Any CPU
		{93D0EDEF-D813-4AB5-8F3E-1AFD4E3A8BA2}.Debug|Any CPU.Build.0 = Debug|Any CPU
		{93D0EDEF-D813-4AB5-8F3E-1AFD4E3A8BA2}.Release|Any CPU.ActiveCfg = Release|Any CPU
		{93D0EDEF-D813-4AB5-8F3E-1AFD4E3A8BA2}.Release|Any CPU.Build.0 = Release|Any CPU
		{F9C09F94-52FF-4304-B4A0-A2E05C6311EA}.Debug|Any CPU.ActiveCfg = Debug|Any CPU
		{F9C09F94-52FF-4304-B4A0-A2E05C6311EA}.Debug|Any CPU.Build.0 = Debug|Any CPU
		{F9C09F94-52FF-4304-B4A0-A2E05C6311EA}.Release|Any CPU.ActiveCfg = Release|Any CPU
		{F9C09F94-52FF-4304-B4A0-A2E05C6311EA}.Release|Any CPU.Build.0 = Release|Any CPU
		{6049E2D0-8699-4F36-9743-50A3E647FFD3}.Debug|Any CPU.ActiveCfg = Debug|Any CPU
		{6049E2D0-8699-4F36-9743-50A3E647FFD3}.Debug|Any CPU.Build.0 = Debug|Any CPU
		{6049E2D0-8699-4F36-9743-50A3E647FFD3}.Release|Any CPU.ActiveCfg = Release|Any CPU
		{6049E2D0-8699-4F36-9743-50A3E647FFD3}.Release|Any CPU.Build.0 = Release|Any CPU
		{B330F928-EC33-400B-81C3-7A78085F848B}.Debug|Any CPU.ActiveCfg = Debug|Any CPU
		{B330F928-EC33-400B-81C3-7A78085F848B}.Debug|Any CPU.Build.0 = Debug|Any CPU
		{B330F928-EC33-400B-81C3-7A78085F848B}.Release|Any CPU.ActiveCfg = Release|Any CPU
		{B330F928-EC33-400B-81C3-7A78085F848B}.Release|Any CPU.Build.0 = Release|Any CPU
		{5F073AB0-1912-4EFA-9DB1-B760C044BDD2}.Debug|Any CPU.ActiveCfg = Debug|Any CPU
		{5F073AB0-1912-4EFA-9DB1-B760C044BDD2}.Debug|Any CPU.Build.0 = Debug|Any CPU
		{5F073AB0-1912-4EFA-9DB1-B760C044BDD2}.Release|Any CPU.ActiveCfg = Release|Any CPU
		{5F073AB0-1912-4EFA-9DB1-B760C044BDD2}.Release|Any CPU.Build.0 = Release|Any CPU
		{D9F9C39A-83FE-47C6-968B-49378345585B}.Debug|Any CPU.ActiveCfg = Debug|Any CPU
		{D9F9C39A-83FE-47C6-968B-49378345585B}.Debug|Any CPU.Build.0 = Debug|Any CPU
		{D9F9C39A-83FE-47C6-968B-49378345585B}.Release|Any CPU.ActiveCfg = Release|Any CPU
		{D9F9C39A-83FE-47C6-968B-49378345585B}.Release|Any CPU.Build.0 = Release|Any CPU
		{FBDEEA42-6C3B-411A-98A2-7361C6353B95}.Debug|Any CPU.ActiveCfg = Debug|Any CPU
		{FBDEEA42-6C3B-411A-98A2-7361C6353B95}.Debug|Any CPU.Build.0 = Debug|Any CPU
		{FBDEEA42-6C3B-411A-98A2-7361C6353B95}.Release|Any CPU.ActiveCfg = Release|Any CPU
		{FBDEEA42-6C3B-411A-98A2-7361C6353B95}.Release|Any CPU.Build.0 = Release|Any CPU
		{156A90D5-863F-4339-B983-F8C4D4262E29}.Debug|Any CPU.ActiveCfg = Debug|Any CPU
		{156A90D5-863F-4339-B983-F8C4D4262E29}.Debug|Any CPU.Build.0 = Debug|Any CPU
		{156A90D5-863F-4339-B983-F8C4D4262E29}.Release|Any CPU.ActiveCfg = Release|Any CPU
		{156A90D5-863F-4339-B983-F8C4D4262E29}.Release|Any CPU.Build.0 = Release|Any CPU
		{50F1CF07-4AF8-4487-8B3A-23ADE44EB4D0}.Debug|Any CPU.ActiveCfg = Debug|Any CPU
		{50F1CF07-4AF8-4487-8B3A-23ADE44EB4D0}.Debug|Any CPU.Build.0 = Debug|Any CPU
		{50F1CF07-4AF8-4487-8B3A-23ADE44EB4D0}.Release|Any CPU.ActiveCfg = Release|Any CPU
		{50F1CF07-4AF8-4487-8B3A-23ADE44EB4D0}.Release|Any CPU.Build.0 = Release|Any CPU
		{39924AAF-82E6-4A4C-98D0-1951D5C5AD1D}.Debug|Any CPU.ActiveCfg = Debug|Any CPU
		{39924AAF-82E6-4A4C-98D0-1951D5C5AD1D}.Debug|Any CPU.Build.0 = Debug|Any CPU
		{39924AAF-82E6-4A4C-98D0-1951D5C5AD1D}.Release|Any CPU.ActiveCfg = Release|Any CPU
		{39924AAF-82E6-4A4C-98D0-1951D5C5AD1D}.Release|Any CPU.Build.0 = Release|Any CPU
		{DDAB731B-6ADD-4ED9-AB82-060435B6ED8C}.Debug|Any CPU.ActiveCfg = Debug|Any CPU
		{DDAB731B-6ADD-4ED9-AB82-060435B6ED8C}.Debug|Any CPU.Build.0 = Debug|Any CPU
		{DDAB731B-6ADD-4ED9-AB82-060435B6ED8C}.Release|Any CPU.ActiveCfg = Release|Any CPU
		{DDAB731B-6ADD-4ED9-AB82-060435B6ED8C}.Release|Any CPU.Build.0 = Release|Any CPU
		{D6A178A5-7A0D-42F2-BA06-1F2F479A9178}.Debug|Any CPU.ActiveCfg = Debug|Any CPU
		{D6A178A5-7A0D-42F2-BA06-1F2F479A9178}.Debug|Any CPU.Build.0 = Debug|Any CPU
		{D6A178A5-7A0D-42F2-BA06-1F2F479A9178}.Release|Any CPU.ActiveCfg = Release|Any CPU
		{D6A178A5-7A0D-42F2-BA06-1F2F479A9178}.Release|Any CPU.Build.0 = Release|Any CPU
		{C4C858D2-8DC3-49FC-B7E9-8DC940A608B0}.Debug|Any CPU.ActiveCfg = Debug|Any CPU
		{C4C858D2-8DC3-49FC-B7E9-8DC940A608B0}.Debug|Any CPU.Build.0 = Debug|Any CPU
		{C4C858D2-8DC3-49FC-B7E9-8DC940A608B0}.Release|Any CPU.ActiveCfg = Release|Any CPU
		{C4C858D2-8DC3-49FC-B7E9-8DC940A608B0}.Release|Any CPU.Build.0 = Release|Any CPU
		{CD1A14BC-1EE2-4C7E-AC69-5C33D59CE0D8}.Debug|Any CPU.ActiveCfg = Debug|Any CPU
		{CD1A14BC-1EE2-4C7E-AC69-5C33D59CE0D8}.Debug|Any CPU.Build.0 = Debug|Any CPU
		{CD1A14BC-1EE2-4C7E-AC69-5C33D59CE0D8}.Release|Any CPU.ActiveCfg = Release|Any CPU
		{CD1A14BC-1EE2-4C7E-AC69-5C33D59CE0D8}.Release|Any CPU.Build.0 = Release|Any CPU
		{014666F3-95EE-42F9-99BF-14292160783C}.Debug|Any CPU.ActiveCfg = Debug|Any CPU
		{014666F3-95EE-42F9-99BF-14292160783C}.Debug|Any CPU.Build.0 = Debug|Any CPU
		{014666F3-95EE-42F9-99BF-14292160783C}.Release|Any CPU.ActiveCfg = Release|Any CPU
		{014666F3-95EE-42F9-99BF-14292160783C}.Release|Any CPU.Build.0 = Release|Any CPU
		{5B807FE8-9A97-4043-8883-00D98D0C12F1}.Debug|Any CPU.ActiveCfg = Debug|Any CPU
		{5B807FE8-9A97-4043-8883-00D98D0C12F1}.Debug|Any CPU.Build.0 = Debug|Any CPU
		{5B807FE8-9A97-4043-8883-00D98D0C12F1}.Release|Any CPU.ActiveCfg = Release|Any CPU
		{5B807FE8-9A97-4043-8883-00D98D0C12F1}.Release|Any CPU.Build.0 = Release|Any CPU
		{2B47AE96-028C-4098-A70F-F539903F26C2}.Debug|Any CPU.ActiveCfg = Debug|Any CPU
		{2B47AE96-028C-4098-A70F-F539903F26C2}.Debug|Any CPU.Build.0 = Debug|Any CPU
		{2B47AE96-028C-4098-A70F-F539903F26C2}.Release|Any CPU.ActiveCfg = Release|Any CPU
		{2B47AE96-028C-4098-A70F-F539903F26C2}.Release|Any CPU.Build.0 = Release|Any CPU
	EndGlobalSection
	GlobalSection(SolutionProperties) = preSolution
		HideSolutionNode = FALSE
	EndGlobalSection
	GlobalSection(NestedProjects) = preSolution
		{F2930746-2969-4EA3-8919-4A9226C34BC2} = {02EA681E-C7D8-13C7-8484-4AC65E1B71E8}
		{7ABA6CDC-E735-4B8A-9350-C3B69C500C93} = {02EA681E-C7D8-13C7-8484-4AC65E1B71E8}
		{24B52AA0-1BAB-4EF7-9FAE-DD4C03605FD0} = {02EA681E-C7D8-13C7-8484-4AC65E1B71E8}
		{67A176F7-36B4-40D3-98FF-879D8664A1EE} = {BA0B63CC-D17B-4176-9806-53C7F9AAFF19}
		{85E12F1D-CD61-4623-89D1-DB7C0D52ADE9} = {BA0B63CC-D17B-4176-9806-53C7F9AAFF19}
		{DDB23952-A2AF-459D-B32E-9327FDCE3AA5} = {BA0B63CC-D17B-4176-9806-53C7F9AAFF19}
		{0BDABB99-543C-4411-B7C6-BD69592A5AEE} = {E6534D2A-B06D-4F59-A722-1A7AE19CCA35}
		{93D0EDEF-D813-4AB5-8F3E-1AFD4E3A8BA2} = {E6534D2A-B06D-4F59-A722-1A7AE19CCA35}
		{F9C09F94-52FF-4304-B4A0-A2E05C6311EA} = {E6534D2A-B06D-4F59-A722-1A7AE19CCA35}
		{6049E2D0-8699-4F36-9743-50A3E647FFD3} = {CBAF4448-676C-4AD2-A9E2-D9A4EDD078B6}
		{B330F928-EC33-400B-81C3-7A78085F848B} = {CBAF4448-676C-4AD2-A9E2-D9A4EDD078B6}
		{5F073AB0-1912-4EFA-9DB1-B760C044BDD2} = {CBAF4448-676C-4AD2-A9E2-D9A4EDD078B6}
		{D9F9C39A-83FE-47C6-968B-49378345585B} = {70CD0EDE-3CEB-43C9-987F-5E69786DBECB}
		{FBDEEA42-6C3B-411A-98A2-7361C6353B95} = {70CD0EDE-3CEB-43C9-987F-5E69786DBECB}
		{156A90D5-863F-4339-B983-F8C4D4262E29} = {70CD0EDE-3CEB-43C9-987F-5E69786DBECB}
		{50F1CF07-4AF8-4487-8B3A-23ADE44EB4D0} = {9AF985DB-15A1-4AAA-A7AA-3305B02F10D8}
		{39924AAF-82E6-4A4C-98D0-1951D5C5AD1D} = {9AF985DB-15A1-4AAA-A7AA-3305B02F10D8}
		{DDAB731B-6ADD-4ED9-AB82-060435B6ED8C} = {9AF985DB-15A1-4AAA-A7AA-3305B02F10D8}
		{D6A178A5-7A0D-42F2-BA06-1F2F479A9178} = {F2F3E652-91D6-4B66-99E7-3BA0B9823E9E}
		{C4C858D2-8DC3-49FC-B7E9-8DC940A608B0} = {F2F3E652-91D6-4B66-99E7-3BA0B9823E9E}
		{CD1A14BC-1EE2-4C7E-AC69-5C33D59CE0D8} = {F2F3E652-91D6-4B66-99E7-3BA0B9823E9E}
		{014666F3-95EE-42F9-99BF-14292160783C} = {A5DD0F72-72AA-4DBB-AA94-D6E8DE6F6DA1}
		{5B807FE8-9A97-4043-8883-00D98D0C12F1} = {A5DD0F72-72AA-4DBB-AA94-D6E8DE6F6DA1}
		{2B47AE96-028C-4098-A70F-F539903F26C2} = {A5DD0F72-72AA-4DBB-AA94-D6E8DE6F6DA1}
	EndGlobalSection
	GlobalSection(ExtensibilityGlobals) = postSolution
		SolutionGuid = {25E5F0BD-3693-4417-88D2-AA767DA9AB94}
	EndGlobalSection
EndGlobal
